DEPENDENCIES
  assignment-group3
    path: .
    metadata: true

GRAPH
  assignment-group3 (0.1.0)
    nginx (>= 0.0.0)
    openssh (>= 0.0.0)
    sudo (>= 0.0.0)
  build-essential (8.0.4)
    mingw (>= 1.1)
    seven_zip (>= 0.0.0)
  compat_resource (12.19.0)
  iptables (4.3.1)
  mingw (2.0.1)
    seven_zip (>= 0.0.0)
  nginx (7.0.2)
    build-essential (>= 0.0.0)
    compat_resource (>= 12.16.3)
    ohai (>= 4.1.0)
    yum-epel (>= 0.0.0)
    zypper (>= 0.0.0)
  ohai (5.2.0)
  openssh (2.6.1)
    iptables (>= 1.0)
  seven_zip (2.0.2)
    windows (>= 1.2.2)
  sudo (4.0.0)
  windows (3.4.0)
    ohai (>= 4.0.0)
  yum-epel (2.1.2)
    compat_resource (>= 12.16.3)
  zypper (0.4.0)
